// !$*UTF8*$!
{
	archiveVersion = 1;
	classes = {
	};
	objectVersion = 46;
	objects = {

/* Begin PBXBuildFile section */
		C23A91A21CF7F946008F9552 /* YUNAppEventsState.h in Headers */ = {isa = PBXBuildFile; fileRef = C23A91A01CF7F946008F9552 /* YUNAppEventsState.h */; };
		C23A91A31CF7F946008F9552 /* YUNAppEventsState.m in Sources */ = {isa = PBXBuildFile; fileRef = C23A91A11CF7F946008F9552 /* YUNAppEventsState.m */; };
		C23A91A61CF80993008F9552 /* YUNTimeSpentData.h in Headers */ = {isa = PBXBuildFile; fileRef = C23A91A41CF80993008F9552 /* YUNTimeSpentData.h */; };
		C23A91A71CF80993008F9552 /* YUNTimeSpentData.m in Sources */ = {isa = PBXBuildFile; fileRef = C23A91A51CF80993008F9552 /* YUNTimeSpentData.m */; };
		C23A91AA1CF84322008F9552 /* YUNAppEventsStateManager.h in Headers */ = {isa = PBXBuildFile; fileRef = C23A91A81CF84322008F9552 /* YUNAppEventsStateManager.h */; };
		C23A91AB1CF84322008F9552 /* YUNAppEventsStateManager.m in Sources */ = {isa = PBXBuildFile; fileRef = C23A91A91CF84322008F9552 /* YUNAppEventsStateManager.m */; };
		C253C1B01CDAD4FD00F6FA5E /* YUNUtility.h in Headers */ = {isa = PBXBuildFile; fileRef = C253C1AE1CDAD4FD00F6FA5E /* YUNUtility.h */; settings = {ATTRIBUTES = (Public, ); }; };
		C253C1B11CDAD4FD00F6FA5E /* YUNUtility.m in Sources */ = {isa = PBXBuildFile; fileRef = C253C1AF1CDAD4FD00F6FA5E /* YUNUtility.m */; };
		C253C1CA1CDB5C6300F6FA5E /* YUNRequestMetadata.h in Headers */ = {isa = PBXBuildFile; fileRef = C253C1C81CDB5C6300F6FA5E /* YUNRequestMetadata.h */; };
		C253C1CB1CDB5C6300F6FA5E /* YUNRequestMetadata.m in Sources */ = {isa = PBXBuildFile; fileRef = C253C1C91CDB5C6300F6FA5E /* YUNRequestMetadata.m */; };
		C253C1CF1CDB5F2B00F6FA5E /* YUNErrorRecoveryConfiguration.h in Headers */ = {isa = PBXBuildFile; fileRef = C253C1CD1CDB5F2B00F6FA5E /* YUNErrorRecoveryConfiguration.h */; };
		C253C1D01CDB5F2B00F6FA5E /* YUNErrorRecoveryConfiguration.m in Sources */ = {isa = PBXBuildFile; fileRef = C253C1CE1CDB5F2B00F6FA5E /* YUNErrorRecoveryConfiguration.m */; };
		C258B9FA1CE5ACC90051D33B /* YUNAccessTokenCacheV3_21.h in Headers */ = {isa = PBXBuildFile; fileRef = C258B9F81CE5ACC90051D33B /* YUNAccessTokenCacheV3_21.h */; };
		C258B9FB1CE5ACC90051D33B /* YUNAccessTokenCacheV3_21.m in Sources */ = {isa = PBXBuildFile; fileRef = C258B9F91CE5ACC90051D33B /* YUNAccessTokenCacheV3_21.m */; };
		C258B9FE1CE5AEC00051D33B /* YUNAccessTokenCacheV3_17.h in Headers */ = {isa = PBXBuildFile; fileRef = C258B9FC1CE5AEC00051D33B /* YUNAccessTokenCacheV3_17.h */; };
		C258B9FF1CE5AEC00051D33B /* YUNAccessTokenCacheV3_17.m in Sources */ = {isa = PBXBuildFile; fileRef = C258B9FD1CE5AEC00051D33B /* YUNAccessTokenCacheV3_17.m */; };
		C258BA021CE5AF300051D33B /* YUNKeychainStoreViaBundleID.h in Headers */ = {isa = PBXBuildFile; fileRef = C258BA001CE5AF300051D33B /* YUNKeychainStoreViaBundleID.h */; };
		C258BA031CE5AF300051D33B /* YUNKeychainStoreViaBundleID.m in Sources */ = {isa = PBXBuildFile; fileRef = C258BA011CE5AF300051D33B /* YUNKeychainStoreViaBundleID.m */; };
		C258BA121CE5D50A0051D33B /* YUNRequestPiggybackManager.h in Headers */ = {isa = PBXBuildFile; fileRef = C258BA101CE5D50A0051D33B /* YUNRequestPiggybackManager.h */; };
		C258BA131CE5D50A0051D33B /* YUNRequestPiggybackManager.m in Sources */ = {isa = PBXBuildFile; fileRef = C258BA111CE5D50A0051D33B /* YUNRequestPiggybackManager.m */; };
		C258BA161CE5D69E0051D33B /* YUNRequestConnection+Internal.h in Headers */ = {isa = PBXBuildFile; fileRef = C258BA141CE5D69E0051D33B /* YUNRequestConnection+Internal.h */; };
		C2613DC71CDCA0C900D1DBA4 /* YUNServerConfigurationManager.h in Headers */ = {isa = PBXBuildFile; fileRef = C2613DC51CDCA0C900D1DBA4 /* YUNServerConfigurationManager.h */; };
		C2613DC81CDCA0C900D1DBA4 /* YUNServerConfigurationManager.m in Sources */ = {isa = PBXBuildFile; fileRef = C2613DC61CDCA0C900D1DBA4 /* YUNServerConfigurationManager.m */; };
		C2613DCB1CDCA33700D1DBA4 /* YUNServerConfigurationManager+Internal.h in Headers */ = {isa = PBXBuildFile; fileRef = C2613DC91CDCA33700D1DBA4 /* YUNServerConfigurationManager+Internal.h */; };
		C26140081CF46CF300230049 /* YUNPaymentObserver.h in Headers */ = {isa = PBXBuildFile; fileRef = C26140061CF46CF300230049 /* YUNPaymentObserver.h */; };
		C26140091CF46CF300230049 /* YUNPaymentObserver.m in Sources */ = {isa = PBXBuildFile; fileRef = C26140071CF46CF300230049 /* YUNPaymentObserver.m */; };
		C26559181CEB2EE700CF82EE /* YUNErrorRecoveryAttempter.h in Headers */ = {isa = PBXBuildFile; fileRef = C26559161CEB2EE700CF82EE /* YUNErrorRecoveryAttempter.h */; };
		C26559191CEB2EE700CF82EE /* YUNErrorRecoveryAttempter.m in Sources */ = {isa = PBXBuildFile; fileRef = C26559171CEB2EE700CF82EE /* YUNErrorRecoveryAttempter.m */; };
		C26559201CEB302E00CF82EE /* _YUNTemporaryErrorRecoveryAttempter.h in Headers */ = {isa = PBXBuildFile; fileRef = C265591E1CEB302E00CF82EE /* _YUNTemporaryErrorRecoveryAttempter.h */; };
		C26559211CEB302E00CF82EE /* _YUNTemporaryErrorRecoveryAttempter.m in Sources */ = {isa = PBXBuildFile; fileRef = C265591F1CEB302E00CF82EE /* _YUNTemporaryErrorRecoveryAttempter.m */; };
		C27E2A671CF2951400B033E2 /* YUNAppEventsUtility.h in Headers */ = {isa = PBXBuildFile; fileRef = C27E2A651CF2951400B033E2 /* YUNAppEventsUtility.h */; };
		C27E2A681CF2951400B033E2 /* YUNAppEventsUtility.m in Sources */ = {isa = PBXBuildFile; fileRef = C27E2A661CF2951400B033E2 /* YUNAppEventsUtility.m */; };
		C27E2A6B1CF297E700B033E2 /* YUNAppEventsDeviceInfo.h in Headers */ = {isa = PBXBuildFile; fileRef = C27E2A691CF297E700B033E2 /* YUNAppEventsDeviceInfo.h */; };
		C27E2A6C1CF297E700B033E2 /* YUNAppEventsDeviceInfo.m in Sources */ = {isa = PBXBuildFile; fileRef = C27E2A6A1CF297E700B033E2 /* YUNAppEventsDeviceInfo.m */; };
		C27E2A6F1CF2991D00B033E2 /* YUNAppEvents+Internal.h in Headers */ = {isa = PBXBuildFile; fileRef = C27E2A6D1CF2991D00B033E2 /* YUNAppEvents+Internal.h */; };
		C280C0E71CEF0EDA0069B32A /* YUNAppEvents.h in Headers */ = {isa = PBXBuildFile; fileRef = C280C0E51CEF0EDA0069B32A /* YUNAppEvents.h */; settings = {ATTRIBUTES = (Public, ); }; };
		C280C0E81CEF0EDA0069B32A /* YUNAppEvents.m in Sources */ = {isa = PBXBuildFile; fileRef = C280C0E61CEF0EDA0069B32A /* YUNAppEvents.m */; };
		C28B9FE41CDC2A040085A3C9 /* YUNErrorConfiguration.h in Headers */ = {isa = PBXBuildFile; fileRef = C28B9FE21CDC2A040085A3C9 /* YUNErrorConfiguration.h */; };
		C28B9FE51CDC2A040085A3C9 /* YUNErrorConfiguration.m in Sources */ = {isa = PBXBuildFile; fileRef = C28B9FE31CDC2A040085A3C9 /* YUNErrorConfiguration.m */; };
		C28B9FE81CDC339A0085A3C9 /* YUNDialogConfiguration.h in Headers */ = {isa = PBXBuildFile; fileRef = C28B9FE61CDC339A0085A3C9 /* YUNDialogConfiguration.h */; };
		C28B9FE91CDC339A0085A3C9 /* YUNDialogConfiguration.m in Sources */ = {isa = PBXBuildFile; fileRef = C28B9FE71CDC339A0085A3C9 /* YUNDialogConfiguration.m */; };
		C28B9FF81CDC72FB0085A3C9 /* YUNServerConfiguration.h in Headers */ = {isa = PBXBuildFile; fileRef = C28B9FF61CDC72FB0085A3C9 /* YUNServerConfiguration.h */; };
		C28B9FF91CDC72FB0085A3C9 /* YUNServerConfiguration.m in Sources */ = {isa = PBXBuildFile; fileRef = C28B9FF71CDC72FB0085A3C9 /* YUNServerConfiguration.m */; };
		C28B9FFC1CDC76F50085A3C9 /* YUNServerConfiguration+Internal.h in Headers */ = {isa = PBXBuildFile; fileRef = C28B9FFA1CDC76F50085A3C9 /* YUNServerConfiguration+Internal.h */; };
		C29714581CE349AB004DC77E /* YUNKeychainStore.h in Headers */ = {isa = PBXBuildFile; fileRef = C29714561CE349AB004DC77E /* YUNKeychainStore.h */; };
		C29714591CE349AB004DC77E /* YUNKeychainStore.m in Sources */ = {isa = PBXBuildFile; fileRef = C29714571CE349AB004DC77E /* YUNKeychainStore.m */; };
		C2A6E0E51CFD22E500A2B542 /* YUNBase64.h in Headers */ = {isa = PBXBuildFile; fileRef = C2A6E0E31CFD22E500A2B542 /* YUNBase64.h */; };
		C2A6E0E61CFD22E500A2B542 /* YUNBase64.m in Sources */ = {isa = PBXBuildFile; fileRef = C2A6E0E41CFD22E500A2B542 /* YUNBase64.m */; };
		C2A6E0E91CFD294400A2B542 /* YUNCrypto.h in Headers */ = {isa = PBXBuildFile; fileRef = C2A6E0E71CFD294400A2B542 /* YUNCrypto.h */; };
		C2A6E0EA1CFD294400A2B542 /* YUNCrypto.m in Sources */ = {isa = PBXBuildFile; fileRef = C2A6E0E81CFD294400A2B542 /* YUNCrypto.m */; };
		C2A6E0EE1CFD2F2D00A2B542 /* YUNWebDialog.h in Headers */ = {isa = PBXBuildFile; fileRef = C2A6E0EC1CFD2F2D00A2B542 /* YUNWebDialog.h */; };
		C2A6E0EF1CFD2F2D00A2B542 /* YUNWebDialog.m in Sources */ = {isa = PBXBuildFile; fileRef = C2A6E0ED1CFD2F2D00A2B542 /* YUNWebDialog.m */; };
		C2A6E0F11CFD340800A2B542 /* YUNTypeUtilityTest.m in Sources */ = {isa = PBXBuildFile; fileRef = C2A6E0F01CFD340800A2B542 /* YUNTypeUtilityTest.m */; };
		C2A6E0F61CFD431A00A2B542 /* YUNAppEventsStateTests.m in Sources */ = {isa = PBXBuildFile; fileRef = C2A6E0F51CFD431A00A2B542 /* YUNAppEventsStateTests.m */; };
		C2B5BBC31CFBE9980054BE7C /* YUNInternalUtilityTest.m in Sources */ = {isa = PBXBuildFile; fileRef = C2B5BBC21CFBE9980054BE7C /* YUNInternalUtilityTest.m */; };
		C2B5BBC51CFBEEBC0054BE7C /* YUNUitlityTest.m in Sources */ = {isa = PBXBuildFile; fileRef = C2B5BBC41CFBEEBC0054BE7C /* YUNUitlityTest.m */; };
		C2B5BC311CFC4D0F0054BE7C /* YUNDynamicFrameworkLoaderTest.m in Sources */ = {isa = PBXBuildFile; fileRef = C2B5BC301CFC4D0F0054BE7C /* YUNDynamicFrameworkLoaderTest.m */; };
		C2B5BC3B1CFC526A0054BE7C /* YUNCryptoTest.m in Sources */ = {isa = PBXBuildFile; fileRef = C2B5BC3A1CFC526A0054BE7C /* YUNCryptoTest.m */; };
		FAB34E5C1CD2423800F3C961 /* YUNSettings+Internal.h in Headers */ = {isa = PBXBuildFile; fileRef = FAB34E5A1CD2423800F3C961 /* YUNSettings+Internal.h */; };
		FAB34E601CD2558C00F3C961 /* YUNRequestConnection.h in Headers */ = {isa = PBXBuildFile; fileRef = FAB34E5E1CD2558C00F3C961 /* YUNRequestConnection.h */; settings = {ATTRIBUTES = (Public, ); }; };
		FAB34E611CD2558C00F3C961 /* YUNRequestConnection.m in Sources */ = {isa = PBXBuildFile; fileRef = FAB34E5F1CD2558C00F3C961 /* YUNRequestConnection.m */; };
		FAB34E641CD2561700F3C961 /* YUNRequestDataAttachment.h in Headers */ = {isa = PBXBuildFile; fileRef = FAB34E621CD2561700F3C961 /* YUNRequestDataAttachment.h */; settings = {ATTRIBUTES = (Public, ); }; };
		FAB34E651CD2561700F3C961 /* YUNRequestDataAttachment.m in Sources */ = {isa = PBXBuildFile; fileRef = FAB34E631CD2561700F3C961 /* YUNRequestDataAttachment.m */; };
		FAB34E681CD2582300F3C961 /* YUNRequestBody.h in Headers */ = {isa = PBXBuildFile; fileRef = FAB34E661CD2582300F3C961 /* YUNRequestBody.h */; };
		FAB34E691CD2582300F3C961 /* YUNRequestBody.m in Sources */ = {isa = PBXBuildFile; fileRef = FAB34E671CD2582300F3C961 /* YUNRequestBody.m */; };
		FAB34E6B1CD25B1E00F3C961 /* YUNRequestBodyTests.m in Sources */ = {isa = PBXBuildFile; fileRef = FAB34E6A1CD25B1E00F3C961 /* YUNRequestBodyTests.m */; };
		FAB34E6E1CD25FDC00F3C961 /* YUNError.h in Headers */ = {isa = PBXBuildFile; fileRef = FAB34E6C1CD25FDC00F3C961 /* YUNError.h */; };
		FAB34E6F1CD25FDC00F3C961 /* YUNError.m in Sources */ = {isa = PBXBuildFile; fileRef = FAB34E6D1CD25FDC00F3C961 /* YUNError.m */; };
		FAB34E721CD2603E00F3C961 /* YUNTypeUtility.h in Headers */ = {isa = PBXBuildFile; fileRef = FAB34E701CD2603E00F3C961 /* YUNTypeUtility.h */; };
		FAB34E731CD2603E00F3C961 /* YUNTypeUtility.m in Sources */ = {isa = PBXBuildFile; fileRef = FAB34E711CD2603E00F3C961 /* YUNTypeUtility.m */; };
		FAB34E761CD2612500F3C961 /* YUNContants.h in Headers */ = {isa = PBXBuildFile; fileRef = FAB34E741CD2612500F3C961 /* YUNContants.h */; settings = {ATTRIBUTES = (Public, ); }; };
		FAB34E771CD2612500F3C961 /* YUNContants.m in Sources */ = {isa = PBXBuildFile; fileRef = FAB34E751CD2612500F3C961 /* YUNContants.m */; };
		FABFA3BB1CD0F58800B4505E /* YUNURLConnection.h in Headers */ = {isa = PBXBuildFile; fileRef = FABFA3B91CD0F58800B4505E /* YUNURLConnection.h */; };
		FABFA3BC1CD0F58800B4505E /* YUNURLConnection.m in Sources */ = {isa = PBXBuildFile; fileRef = FABFA3BA1CD0F58800B4505E /* YUNURLConnection.m */; };
		FABFA3C01CD0F9CD00B4505E /* YUNLogger.h in Headers */ = {isa = PBXBuildFile; fileRef = FABFA3BE1CD0F9CD00B4505E /* YUNLogger.h */; };
		FABFA3C11CD0F9CD00B4505E /* YUNLogger.m in Sources */ = {isa = PBXBuildFile; fileRef = FABFA3BF1CD0F9CD00B4505E /* YUNLogger.m */; };
		FABFA3C41CD106CA00B4505E /* YUNSettings.h in Headers */ = {isa = PBXBuildFile; fileRef = FABFA3C21CD106CA00B4505E /* YUNSettings.h */; settings = {ATTRIBUTES = (Public, ); }; };
		FABFA3C51CD106CA00B4505E /* YUNSettings.m in Sources */ = {isa = PBXBuildFile; fileRef = FABFA3C31CD106CA00B4505E /* YUNSettings.m */; };
		FAC0DCC81CD8F2EA0023E9CE /* YUNErrorTests.m in Sources */ = {isa = PBXBuildFile; fileRef = FAC0DCC71CD8F2EA0023E9CE /* YUNErrorTests.m */; };
		FAC0DCCB1CD8F7650023E9CE /* YUNRequest.h in Headers */ = {isa = PBXBuildFile; fileRef = FAC0DCC91CD8F7650023E9CE /* YUNRequest.h */; settings = {ATTRIBUTES = (Public, ); }; };
		FAC0DCCC1CD8F7650023E9CE /* YUNRequest.m in Sources */ = {isa = PBXBuildFile; fileRef = FAC0DCCA1CD8F7650023E9CE /* YUNRequest.m */; };
		FAE0417A1CDF81A300C19565 /* YUNAccessTokenCacheV4.h in Headers */ = {isa = PBXBuildFile; fileRef = FAE041781CDF81A300C19565 /* YUNAccessTokenCacheV4.h */; };
		FAE0417B1CDF81A300C19565 /* YUNAccessTokenCacheV4.m in Sources */ = {isa = PBXBuildFile; fileRef = FAE041791CDF81A300C19565 /* YUNAccessTokenCacheV4.m */; };
		FAE0417F1CDF839100C19565 /* YUNDynamicFrameworkLoader.h in Headers */ = {isa = PBXBuildFile; fileRef = FAE0417D1CDF839100C19565 /* YUNDynamicFrameworkLoader.h */; };
		FAE041801CDF839100C19565 /* YUNDynamicFrameworkLoader.m in Sources */ = {isa = PBXBuildFile; fileRef = FAE0417E1CDF839100C19565 /* YUNDynamicFrameworkLoader.m */; settings = {COMPILER_FLAGS = "-fno-objc-arc"; }; };
		FAE1DAC61CDF7CC7007355F2 /* YUNAccessTokenCaching.h in Headers */ = {isa = PBXBuildFile; fileRef = FAE1DAC51CDF7CC7007355F2 /* YUNAccessTokenCaching.h */; };
		FAE1DAC91CDF7D24007355F2 /* YUNAccessTokenCache.h in Headers */ = {isa = PBXBuildFile; fileRef = FAE1DAC71CDF7D24007355F2 /* YUNAccessTokenCache.h */; };
		FAE1DACA1CDF7D24007355F2 /* YUNAccessTokenCache.m in Sources */ = {isa = PBXBuildFile; fileRef = FAE1DAC81CDF7D24007355F2 /* YUNAccessTokenCache.m */; };
		FAE1DACD1CDF7D87007355F2 /* YUNAccessTokenCacheV3.h in Headers */ = {isa = PBXBuildFile; fileRef = FAE1DACB1CDF7D87007355F2 /* YUNAccessTokenCacheV3.h */; };
		FAE1DACE1CDF7D87007355F2 /* YUNAccessTokenCacheV3.m in Sources */ = {isa = PBXBuildFile; fileRef = FAE1DACC1CDF7D87007355F2 /* YUNAccessTokenCacheV3.m */; };
		FAE42F6C1CDA34260074133F /* YUNRequest+Internal.h in Headers */ = {isa = PBXBuildFile; fileRef = FAE42F6A1CDA34260074133F /* YUNRequest+Internal.h */; };
		FAE6EC681CCFAAD4003F9619 /* YUNNetKit.h in Headers */ = {isa = PBXBuildFile; fileRef = FAE6EC671CCFAAD4003F9619 /* YUNNetKit.h */; settings = {ATTRIBUTES = (Public, ); }; };
		FAE6EC6F1CCFAAD4003F9619 /* YUNNetKit.framework in Frameworks */ = {isa = PBXBuildFile; fileRef = FAE6EC641CCFAAD4003F9619 /* YUNNetKit.framework */; };
		FAE6EC741CCFAAD4003F9619 /* YUNNetKitTests.m in Sources */ = {isa = PBXBuildFile; fileRef = FAE6EC731CCFAAD4003F9619 /* YUNNetKitTests.m */; };
		FAE6EC801CCFAB31003F9619 /* YUNAccessToken.h in Headers */ = {isa = PBXBuildFile; fileRef = FAE6EC7E1CCFAB31003F9619 /* YUNAccessToken.h */; settings = {ATTRIBUTES = (Public, ); }; };
		FAE6EC811CCFAB31003F9619 /* YUNAccessToken.m in Sources */ = {isa = PBXBuildFile; fileRef = FAE6EC7F1CCFAB31003F9619 /* YUNAccessToken.m */; };
		FAE6EC841CCFB30A003F9619 /* YUNInternalUtility.h in Headers */ = {isa = PBXBuildFile; fileRef = FAE6EC821CCFB30A003F9619 /* YUNInternalUtility.h */; };
		FAE6EC851CCFB30A003F9619 /* YUNInternalUtility.m in Sources */ = {isa = PBXBuildFile; fileRef = FAE6EC831CCFB30A003F9619 /* YUNInternalUtility.m */; };
		FAE6EC881CCFB541003F9619 /* YUNMath.h in Headers */ = {isa = PBXBuildFile; fileRef = FAE6EC861CCFB541003F9619 /* YUNMath.h */; };
		FAE6EC891CCFB541003F9619 /* YUNMath.m in Sources */ = {isa = PBXBuildFile; fileRef = FAE6EC871CCFB541003F9619 /* YUNMath.m */; };
		FAE6EC8C1CCFB5B5003F9619 /* YUNMacros.h in Headers */ = {isa = PBXBuildFile; fileRef = FAE6EC8A1CCFB5B5003F9619 /* YUNMacros.h */; };
		FAE6EC8F1CCFB6F9003F9619 /* YUNAccessTokenTests.m in Sources */ = {isa = PBXBuildFile; fileRef = FAE6EC8E1CCFB6F9003F9619 /* YUNAccessTokenTests.m */; };
/* End PBXBuildFile section */

/* Begin PBXContainerItemProxy section */
		FAE6EC701CCFAAD4003F9619 /* PBXContainerItemProxy */ = {
			isa = PBXContainerItemProxy;
			containerPortal = FAE6EC5B1CCFAAD4003F9619 /* Project object */;
			proxyType = 1;
			remoteGlobalIDString = FAE6EC631CCFAAD4003F9619;
			remoteInfo = YUNNetKit;
		};
/* End PBXContainerItemProxy section */

/* Begin PBXFileReference section */
		C23A91A01CF7F946008F9552 /* YUNAppEventsState.h */ = {isa = PBXFileReference; fileEncoding = 4; lastKnownFileType = sourcecode.c.h; path = YUNAppEventsState.h; sourceTree = "<group>"; };
		C23A91A11CF7F946008F9552 /* YUNAppEventsState.m */ = {isa = PBXFileReference; fileEncoding = 4; lastKnownFileType = sourcecode.c.objc; path = YUNAppEventsState.m; sourceTree = "<group>"; };
		C23A91A41CF80993008F9552 /* YUNTimeSpentData.h */ = {isa = PBXFileReference; fileEncoding = 4; lastKnownFileType = sourcecode.c.h; path = YUNTimeSpentData.h; sourceTree = "<group>"; };
		C23A91A51CF80993008F9552 /* YUNTimeSpentData.m */ = {isa = PBXFileReference; fileEncoding = 4; lastKnownFileType = sourcecode.c.objc; path = YUNTimeSpentData.m; sourceTree = "<group>"; };
		C23A91A81CF84322008F9552 /* YUNAppEventsStateManager.h */ = {isa = PBXFileReference; fileEncoding = 4; lastKnownFileType = sourcecode.c.h; path = YUNAppEventsStateManager.h; sourceTree = "<group>"; };
		C23A91A91CF84322008F9552 /* YUNAppEventsStateManager.m */ = {isa = PBXFileReference; fileEncoding = 4; lastKnownFileType = sourcecode.c.objc; path = YUNAppEventsStateManager.m; sourceTree = "<group>"; };
		C253C1AE1CDAD4FD00F6FA5E /* YUNUtility.h */ = {isa = PBXFileReference; fileEncoding = 4; lastKnownFileType = sourcecode.c.h; path = YUNUtility.h; sourceTree = "<group>"; };
		C253C1AF1CDAD4FD00F6FA5E /* YUNUtility.m */ = {isa = PBXFileReference; fileEncoding = 4; lastKnownFileType = sourcecode.c.objc; path = YUNUtility.m; sourceTree = "<group>"; };
		C253C1C81CDB5C6300F6FA5E /* YUNRequestMetadata.h */ = {isa = PBXFileReference; fileEncoding = 4; lastKnownFileType = sourcecode.c.h; path = YUNRequestMetadata.h; sourceTree = "<group>"; };
		C253C1C91CDB5C6300F6FA5E /* YUNRequestMetadata.m */ = {isa = PBXFileReference; fileEncoding = 4; lastKnownFileType = sourcecode.c.objc; path = YUNRequestMetadata.m; sourceTree = "<group>"; };
		C253C1CD1CDB5F2B00F6FA5E /* YUNErrorRecoveryConfiguration.h */ = {isa = PBXFileReference; fileEncoding = 4; lastKnownFileType = sourcecode.c.h; path = YUNErrorRecoveryConfiguration.h; sourceTree = "<group>"; };
		C253C1CE1CDB5F2B00F6FA5E /* YUNErrorRecoveryConfiguration.m */ = {isa = PBXFileReference; fileEncoding = 4; lastKnownFileType = sourcecode.c.objc; path = YUNErrorRecoveryConfiguration.m; sourceTree = "<group>"; };
		C258B9F81CE5ACC90051D33B /* YUNAccessTokenCacheV3_21.h */ = {isa = PBXFileReference; fileEncoding = 4; lastKnownFileType = sourcecode.c.h; path = YUNAccessTokenCacheV3_21.h; sourceTree = "<group>"; };
		C258B9F91CE5ACC90051D33B /* YUNAccessTokenCacheV3_21.m */ = {isa = PBXFileReference; fileEncoding = 4; lastKnownFileType = sourcecode.c.objc; path = YUNAccessTokenCacheV3_21.m; sourceTree = "<group>"; };
		C258B9FC1CE5AEC00051D33B /* YUNAccessTokenCacheV3_17.h */ = {isa = PBXFileReference; fileEncoding = 4; lastKnownFileType = sourcecode.c.h; path = YUNAccessTokenCacheV3_17.h; sourceTree = "<group>"; };
		C258B9FD1CE5AEC00051D33B /* YUNAccessTokenCacheV3_17.m */ = {isa = PBXFileReference; fileEncoding = 4; lastKnownFileType = sourcecode.c.objc; path = YUNAccessTokenCacheV3_17.m; sourceTree = "<group>"; };
		C258BA001CE5AF300051D33B /* YUNKeychainStoreViaBundleID.h */ = {isa = PBXFileReference; fileEncoding = 4; lastKnownFileType = sourcecode.c.h; path = YUNKeychainStoreViaBundleID.h; sourceTree = "<group>"; };
		C258BA011CE5AF300051D33B /* YUNKeychainStoreViaBundleID.m */ = {isa = PBXFileReference; fileEncoding = 4; lastKnownFileType = sourcecode.c.objc; path = YUNKeychainStoreViaBundleID.m; sourceTree = "<group>"; };
		C258BA101CE5D50A0051D33B /* YUNRequestPiggybackManager.h */ = {isa = PBXFileReference; fileEncoding = 4; lastKnownFileType = sourcecode.c.h; path = YUNRequestPiggybackManager.h; sourceTree = "<group>"; };
		C258BA111CE5D50A0051D33B /* YUNRequestPiggybackManager.m */ = {isa = PBXFileReference; fileEncoding = 4; lastKnownFileType = sourcecode.c.objc; path = YUNRequestPiggybackManager.m; sourceTree = "<group>"; };
		C258BA141CE5D69E0051D33B /* YUNRequestConnection+Internal.h */ = {isa = PBXFileReference; fileEncoding = 4; lastKnownFileType = sourcecode.c.h; path = "YUNRequestConnection+Internal.h"; sourceTree = "<group>"; };
		C2613DC51CDCA0C900D1DBA4 /* YUNServerConfigurationManager.h */ = {isa = PBXFileReference; fileEncoding = 4; lastKnownFileType = sourcecode.c.h; path = YUNServerConfigurationManager.h; sourceTree = "<group>"; };
		C2613DC61CDCA0C900D1DBA4 /* YUNServerConfigurationManager.m */ = {isa = PBXFileReference; fileEncoding = 4; lastKnownFileType = sourcecode.c.objc; path = YUNServerConfigurationManager.m; sourceTree = "<group>"; };
		C2613DC91CDCA33700D1DBA4 /* YUNServerConfigurationManager+Internal.h */ = {isa = PBXFileReference; fileEncoding = 4; lastKnownFileType = sourcecode.c.h; path = "YUNServerConfigurationManager+Internal.h"; sourceTree = "<group>"; };
		C26140061CF46CF300230049 /* YUNPaymentObserver.h */ = {isa = PBXFileReference; fileEncoding = 4; lastKnownFileType = sourcecode.c.h; path = YUNPaymentObserver.h; sourceTree = "<group>"; };
		C26140071CF46CF300230049 /* YUNPaymentObserver.m */ = {isa = PBXFileReference; fileEncoding = 4; lastKnownFileType = sourcecode.c.objc; path = YUNPaymentObserver.m; sourceTree = "<group>"; };
		C26559161CEB2EE700CF82EE /* YUNErrorRecoveryAttempter.h */ = {isa = PBXFileReference; fileEncoding = 4; lastKnownFileType = sourcecode.c.h; path = YUNErrorRecoveryAttempter.h; sourceTree = "<group>"; };
		C26559171CEB2EE700CF82EE /* YUNErrorRecoveryAttempter.m */ = {isa = PBXFileReference; fileEncoding = 4; lastKnownFileType = sourcecode.c.objc; path = YUNErrorRecoveryAttempter.m; sourceTree = "<group>"; };
		C265591E1CEB302E00CF82EE /* _YUNTemporaryErrorRecoveryAttempter.h */ = {isa = PBXFileReference; fileEncoding = 4; lastKnownFileType = sourcecode.c.h; path = _YUNTemporaryErrorRecoveryAttempter.h; sourceTree = "<group>"; };
		C265591F1CEB302E00CF82EE /* _YUNTemporaryErrorRecoveryAttempter.m */ = {isa = PBXFileReference; fileEncoding = 4; lastKnownFileType = sourcecode.c.objc; path = _YUNTemporaryErrorRecoveryAttempter.m; sourceTree = "<group>"; };
		C27E2A651CF2951400B033E2 /* YUNAppEventsUtility.h */ = {isa = PBXFileReference; fileEncoding = 4; lastKnownFileType = sourcecode.c.h; path = YUNAppEventsUtility.h; sourceTree = "<group>"; };
		C27E2A661CF2951400B033E2 /* YUNAppEventsUtility.m */ = {isa = PBXFileReference; fileEncoding = 4; lastKnownFileType = sourcecode.c.objc; path = YUNAppEventsUtility.m; sourceTree = "<group>"; };
		C27E2A691CF297E700B033E2 /* YUNAppEventsDeviceInfo.h */ = {isa = PBXFileReference; fileEncoding = 4; lastKnownFileType = sourcecode.c.h; path = YUNAppEventsDeviceInfo.h; sourceTree = "<group>"; };
		C27E2A6A1CF297E700B033E2 /* YUNAppEventsDeviceInfo.m */ = {isa = PBXFileReference; fileEncoding = 4; lastKnownFileType = sourcecode.c.objc; path = YUNAppEventsDeviceInfo.m; sourceTree = "<group>"; };
		C27E2A6D1CF2991D00B033E2 /* YUNAppEvents+Internal.h */ = {isa = PBXFileReference; fileEncoding = 4; lastKnownFileType = sourcecode.c.h; path = "YUNAppEvents+Internal.h"; sourceTree = "<group>"; };
		C280C0E51CEF0EDA0069B32A /* YUNAppEvents.h */ = {isa = PBXFileReference; fileEncoding = 4; lastKnownFileType = sourcecode.c.h; path = YUNAppEvents.h; sourceTree = "<group>"; };
		C280C0E61CEF0EDA0069B32A /* YUNAppEvents.m */ = {isa = PBXFileReference; fileEncoding = 4; lastKnownFileType = sourcecode.c.objc; path = YUNAppEvents.m; sourceTree = "<group>"; };
		C28B9FE21CDC2A040085A3C9 /* YUNErrorConfiguration.h */ = {isa = PBXFileReference; fileEncoding = 4; lastKnownFileType = sourcecode.c.h; path = YUNErrorConfiguration.h; sourceTree = "<group>"; };
		C28B9FE31CDC2A040085A3C9 /* YUNErrorConfiguration.m */ = {isa = PBXFileReference; fileEncoding = 4; lastKnownFileType = sourcecode.c.objc; path = YUNErrorConfiguration.m; sourceTree = "<group>"; };
		C28B9FE61CDC339A0085A3C9 /* YUNDialogConfiguration.h */ = {isa = PBXFileReference; fileEncoding = 4; lastKnownFileType = sourcecode.c.h; path = YUNDialogConfiguration.h; sourceTree = "<group>"; };
		C28B9FE71CDC339A0085A3C9 /* YUNDialogConfiguration.m */ = {isa = PBXFileReference; fileEncoding = 4; lastKnownFileType = sourcecode.c.objc; path = YUNDialogConfiguration.m; sourceTree = "<group>"; };
		C28B9FF61CDC72FB0085A3C9 /* YUNServerConfiguration.h */ = {isa = PBXFileReference; fileEncoding = 4; lastKnownFileType = sourcecode.c.h; path = YUNServerConfiguration.h; sourceTree = "<group>"; };
		C28B9FF71CDC72FB0085A3C9 /* YUNServerConfiguration.m */ = {isa = PBXFileReference; fileEncoding = 4; lastKnownFileType = sourcecode.c.objc; path = YUNServerConfiguration.m; sourceTree = "<group>"; };
		C28B9FFA1CDC76F50085A3C9 /* YUNServerConfiguration+Internal.h */ = {isa = PBXFileReference; fileEncoding = 4; lastKnownFileType = sourcecode.c.h; path = "YUNServerConfiguration+Internal.h"; sourceTree = "<group>"; };
		C29714561CE349AB004DC77E /* YUNKeychainStore.h */ = {isa = PBXFileReference; fileEncoding = 4; lastKnownFileType = sourcecode.c.h; path = YUNKeychainStore.h; sourceTree = "<group>"; };
		C29714571CE349AB004DC77E /* YUNKeychainStore.m */ = {isa = PBXFileReference; fileEncoding = 4; lastKnownFileType = sourcecode.c.objc; path = YUNKeychainStore.m; sourceTree = "<group>"; };
		C2A6E0E31CFD22E500A2B542 /* YUNBase64.h */ = {isa = PBXFileReference; fileEncoding = 4; lastKnownFileType = sourcecode.c.h; path = YUNBase64.h; sourceTree = "<group>"; };
		C2A6E0E41CFD22E500A2B542 /* YUNBase64.m */ = {isa = PBXFileReference; fileEncoding = 4; lastKnownFileType = sourcecode.c.objc; path = YUNBase64.m; sourceTree = "<group>"; };
		C2A6E0E71CFD294400A2B542 /* YUNCrypto.h */ = {isa = PBXFileReference; fileEncoding = 4; lastKnownFileType = sourcecode.c.h; path = YUNCrypto.h; sourceTree = "<group>"; };
		C2A6E0E81CFD294400A2B542 /* YUNCrypto.m */ = {isa = PBXFileReference; fileEncoding = 4; lastKnownFileType = sourcecode.c.objc; path = YUNCrypto.m; sourceTree = "<group>"; };
		C2A6E0EC1CFD2F2D00A2B542 /* YUNWebDialog.h */ = {isa = PBXFileReference; fileEncoding = 4; lastKnownFileType = sourcecode.c.h; path = YUNWebDialog.h; sourceTree = "<group>"; };
		C2A6E0ED1CFD2F2D00A2B542 /* YUNWebDialog.m */ = {isa = PBXFileReference; fileEncoding = 4; lastKnownFileType = sourcecode.c.objc; path = YUNWebDialog.m; sourceTree = "<group>"; };
		C2A6E0F01CFD340800A2B542 /* YUNTypeUtilityTest.m */ = {isa = PBXFileReference; fileEncoding = 4; lastKnownFileType = sourcecode.c.objc; path = YUNTypeUtilityTest.m; sourceTree = "<group>"; };
		C2A6E0F51CFD431A00A2B542 /* YUNAppEventsStateTests.m */ = {isa = PBXFileReference; fileEncoding = 4; lastKnownFileType = sourcecode.c.objc; path = YUNAppEventsStateTests.m; sourceTree = "<group>"; };
		C2B5BBC21CFBE9980054BE7C /* YUNInternalUtilityTest.m */ = {isa = PBXFileReference; fileEncoding = 4; lastKnownFileType = sourcecode.c.objc; path = YUNInternalUtilityTest.m; sourceTree = "<group>"; };
		C2B5BBC41CFBEEBC0054BE7C /* YUNUitlityTest.m */ = {isa = PBXFileReference; fileEncoding = 4; lastKnownFileType = sourcecode.c.objc; path = YUNUitlityTest.m; sourceTree = "<group>"; };
		C2B5BC301CFC4D0F0054BE7C /* YUNDynamicFrameworkLoaderTest.m */ = {isa = PBXFileReference; fileEncoding = 4; lastKnownFileType = sourcecode.c.objc; path = YUNDynamicFrameworkLoaderTest.m; sourceTree = "<group>"; };
		C2B5BC3A1CFC526A0054BE7C /* YUNCryptoTest.m */ = {isa = PBXFileReference; fileEncoding = 4; lastKnownFileType = sourcecode.c.objc; path = YUNCryptoTest.m; sourceTree = "<group>"; };
		FAB34E5A1CD2423800F3C961 /* YUNSettings+Internal.h */ = {isa = PBXFileReference; fileEncoding = 4; lastKnownFileType = sourcecode.c.h; path = "YUNSettings+Internal.h"; sourceTree = "<group>"; };
		FAB34E5E1CD2558C00F3C961 /* YUNRequestConnection.h */ = {isa = PBXFileReference; fileEncoding = 4; lastKnownFileType = sourcecode.c.h; path = YUNRequestConnection.h; sourceTree = "<group>"; };
		FAB34E5F1CD2558C00F3C961 /* YUNRequestConnection.m */ = {isa = PBXFileReference; fileEncoding = 4; lastKnownFileType = sourcecode.c.objc; path = YUNRequestConnection.m; sourceTree = "<group>"; };
		FAB34E621CD2561700F3C961 /* YUNRequestDataAttachment.h */ = {isa = PBXFileReference; fileEncoding = 4; lastKnownFileType = sourcecode.c.h; path = YUNRequestDataAttachment.h; sourceTree = "<group>"; };
		FAB34E631CD2561700F3C961 /* YUNRequestDataAttachment.m */ = {isa = PBXFileReference; fileEncoding = 4; lastKnownFileType = sourcecode.c.objc; path = YUNRequestDataAttachment.m; sourceTree = "<group>"; };
		FAB34E661CD2582300F3C961 /* YUNRequestBody.h */ = {isa = PBXFileReference; fileEncoding = 4; lastKnownFileType = sourcecode.c.h; path = YUNRequestBody.h; sourceTree = "<group>"; };
		FAB34E671CD2582300F3C961 /* YUNRequestBody.m */ = {isa = PBXFileReference; fileEncoding = 4; lastKnownFileType = sourcecode.c.objc; path = YUNRequestBody.m; sourceTree = "<group>"; };
		FAB34E6A1CD25B1E00F3C961 /* YUNRequestBodyTests.m */ = {isa = PBXFileReference; fileEncoding = 4; lastKnownFileType = sourcecode.c.objc; path = YUNRequestBodyTests.m; sourceTree = "<group>"; };
		FAB34E6C1CD25FDC00F3C961 /* YUNError.h */ = {isa = PBXFileReference; fileEncoding = 4; lastKnownFileType = sourcecode.c.h; path = YUNError.h; sourceTree = "<group>"; };
		FAB34E6D1CD25FDC00F3C961 /* YUNError.m */ = {isa = PBXFileReference; fileEncoding = 4; lastKnownFileType = sourcecode.c.objc; path = YUNError.m; sourceTree = "<group>"; };
		FAB34E701CD2603E00F3C961 /* YUNTypeUtility.h */ = {isa = PBXFileReference; fileEncoding = 4; lastKnownFileType = sourcecode.c.h; path = YUNTypeUtility.h; sourceTree = "<group>"; };
		FAB34E711CD2603E00F3C961 /* YUNTypeUtility.m */ = {isa = PBXFileReference; fileEncoding = 4; lastKnownFileType = sourcecode.c.objc; path = YUNTypeUtility.m; sourceTree = "<group>"; };
		FAB34E741CD2612500F3C961 /* YUNContants.h */ = {isa = PBXFileReference; fileEncoding = 4; lastKnownFileType = sourcecode.c.h; path = YUNContants.h; sourceTree = "<group>"; };
		FAB34E751CD2612500F3C961 /* YUNContants.m */ = {isa = PBXFileReference; fileEncoding = 4; lastKnownFileType = sourcecode.c.objc; path = YUNContants.m; sourceTree = "<group>"; };
		FABFA3B91CD0F58800B4505E /* YUNURLConnection.h */ = {isa = PBXFileReference; fileEncoding = 4; lastKnownFileType = sourcecode.c.h; path = YUNURLConnection.h; sourceTree = "<group>"; };
		FABFA3BA1CD0F58800B4505E /* YUNURLConnection.m */ = {isa = PBXFileReference; fileEncoding = 4; lastKnownFileType = sourcecode.c.objc; path = YUNURLConnection.m; sourceTree = "<group>"; };
		FABFA3BE1CD0F9CD00B4505E /* YUNLogger.h */ = {isa = PBXFileReference; fileEncoding = 4; lastKnownFileType = sourcecode.c.h; path = YUNLogger.h; sourceTree = "<group>"; };
		FABFA3BF1CD0F9CD00B4505E /* YUNLogger.m */ = {isa = PBXFileReference; fileEncoding = 4; lastKnownFileType = sourcecode.c.objc; path = YUNLogger.m; sourceTree = "<group>"; };
		FABFA3C21CD106CA00B4505E /* YUNSettings.h */ = {isa = PBXFileReference; fileEncoding = 4; lastKnownFileType = sourcecode.c.h; path = YUNSettings.h; sourceTree = "<group>"; };
		FABFA3C31CD106CA00B4505E /* YUNSettings.m */ = {isa = PBXFileReference; fileEncoding = 4; lastKnownFileType = sourcecode.c.objc; path = YUNSettings.m; sourceTree = "<group>"; };
		FAC0DCC71CD8F2EA0023E9CE /* YUNErrorTests.m */ = {isa = PBXFileReference; fileEncoding = 4; lastKnownFileType = sourcecode.c.objc; path = YUNErrorTests.m; sourceTree = "<group>"; };
		FAC0DCC91CD8F7650023E9CE /* YUNRequest.h */ = {isa = PBXFileReference; fileEncoding = 4; lastKnownFileType = sourcecode.c.h; path = YUNRequest.h; sourceTree = "<group>"; };
		FAC0DCCA1CD8F7650023E9CE /* YUNRequest.m */ = {isa = PBXFileReference; fileEncoding = 4; lastKnownFileType = sourcecode.c.objc; path = YUNRequest.m; sourceTree = "<group>"; };
		FAE041781CDF81A300C19565 /* YUNAccessTokenCacheV4.h */ = {isa = PBXFileReference; fileEncoding = 4; lastKnownFileType = sourcecode.c.h; path = YUNAccessTokenCacheV4.h; sourceTree = "<group>"; };
		FAE041791CDF81A300C19565 /* YUNAccessTokenCacheV4.m */ = {isa = PBXFileReference; fileEncoding = 4; lastKnownFileType = sourcecode.c.objc; path = YUNAccessTokenCacheV4.m; sourceTree = "<group>"; };
		FAE0417D1CDF839100C19565 /* YUNDynamicFrameworkLoader.h */ = {isa = PBXFileReference; fileEncoding = 4; lastKnownFileType = sourcecode.c.h; path = YUNDynamicFrameworkLoader.h; sourceTree = "<group>"; };
		FAE0417E1CDF839100C19565 /* YUNDynamicFrameworkLoader.m */ = {isa = PBXFileReference; fileEncoding = 4; lastKnownFileType = sourcecode.c.objc; path = YUNDynamicFrameworkLoader.m; sourceTree = "<group>"; };
		FAE1DAC51CDF7CC7007355F2 /* YUNAccessTokenCaching.h */ = {isa = PBXFileReference; fileEncoding = 4; lastKnownFileType = sourcecode.c.h; path = YUNAccessTokenCaching.h; sourceTree = "<group>"; };
		FAE1DAC71CDF7D24007355F2 /* YUNAccessTokenCache.h */ = {isa = PBXFileReference; fileEncoding = 4; lastKnownFileType = sourcecode.c.h; path = YUNAccessTokenCache.h; sourceTree = "<group>"; };
		FAE1DAC81CDF7D24007355F2 /* YUNAccessTokenCache.m */ = {isa = PBXFileReference; fileEncoding = 4; lastKnownFileType = sourcecode.c.objc; path = YUNAccessTokenCache.m; sourceTree = "<group>"; };
		FAE1DACB1CDF7D87007355F2 /* YUNAccessTokenCacheV3.h */ = {isa = PBXFileReference; fileEncoding = 4; lastKnownFileType = sourcecode.c.h; path = YUNAccessTokenCacheV3.h; sourceTree = "<group>"; };
		FAE1DACC1CDF7D87007355F2 /* YUNAccessTokenCacheV3.m */ = {isa = PBXFileReference; fileEncoding = 4; lastKnownFileType = sourcecode.c.objc; path = YUNAccessTokenCacheV3.m; sourceTree = "<group>"; };
		FAE42F6A1CDA34260074133F /* YUNRequest+Internal.h */ = {isa = PBXFileReference; fileEncoding = 4; lastKnownFileType = sourcecode.c.h; path = "YUNRequest+Internal.h"; sourceTree = "<group>"; };
		FAE6EC641CCFAAD4003F9619 /* YUNNetKit.framework */ = {isa = PBXFileReference; explicitFileType = wrapper.framework; includeInIndex = 0; path = YUNNetKit.framework; sourceTree = BUILT_PRODUCTS_DIR; };
		FAE6EC671CCFAAD4003F9619 /* YUNNetKit.h */ = {isa = PBXFileReference; lastKnownFileType = sourcecode.c.h; path = YUNNetKit.h; sourceTree = "<group>"; };
		FAE6EC691CCFAAD4003F9619 /* Info.plist */ = {isa = PBXFileReference; lastKnownFileType = text.plist.xml; path = Info.plist; sourceTree = "<group>"; };
		FAE6EC6E1CCFAAD4003F9619 /* YUNNetKitTests.xctest */ = {isa = PBXFileReference; explicitFileType = wrapper.cfbundle; includeInIndex = 0; path = YUNNetKitTests.xctest; sourceTree = BUILT_PRODUCTS_DIR; };
		FAE6EC731CCFAAD4003F9619 /* YUNNetKitTests.m */ = {isa = PBXFileReference; lastKnownFileType = sourcecode.c.objc; path = YUNNetKitTests.m; sourceTree = "<group>"; };
		FAE6EC751CCFAAD4003F9619 /* Info.plist */ = {isa = PBXFileReference; lastKnownFileType = text.plist.xml; path = Info.plist; sourceTree = "<group>"; };
		FAE6EC7E1CCFAB31003F9619 /* YUNAccessToken.h */ = {isa = PBXFileReference; fileEncoding = 4; lastKnownFileType = sourcecode.c.h; path = YUNAccessToken.h; sourceTree = "<group>"; };
		FAE6EC7F1CCFAB31003F9619 /* YUNAccessToken.m */ = {isa = PBXFileReference; fileEncoding = 4; lastKnownFileType = sourcecode.c.objc; path = YUNAccessToken.m; sourceTree = "<group>"; };
		FAE6EC821CCFB30A003F9619 /* YUNInternalUtility.h */ = {isa = PBXFileReference; fileEncoding = 4; lastKnownFileType = sourcecode.c.h; path = YUNInternalUtility.h; sourceTree = "<group>"; };
		FAE6EC831CCFB30A003F9619 /* YUNInternalUtility.m */ = {isa = PBXFileReference; fileEncoding = 4; lastKnownFileType = sourcecode.c.objc; path = YUNInternalUtility.m; sourceTree = "<group>"; };
		FAE6EC861CCFB541003F9619 /* YUNMath.h */ = {isa = PBXFileReference; fileEncoding = 4; lastKnownFileType = sourcecode.c.h; path = YUNMath.h; sourceTree = "<group>"; };
		FAE6EC871CCFB541003F9619 /* YUNMath.m */ = {isa = PBXFileReference; fileEncoding = 4; lastKnownFileType = sourcecode.c.objc; path = YUNMath.m; sourceTree = "<group>"; };
		FAE6EC8A1CCFB5B5003F9619 /* YUNMacros.h */ = {isa = PBXFileReference; fileEncoding = 4; lastKnownFileType = sourcecode.c.h; path = YUNMacros.h; sourceTree = "<group>"; };
		FAE6EC8E1CCFB6F9003F9619 /* YUNAccessTokenTests.m */ = {isa = PBXFileReference; fileEncoding = 4; lastKnownFileType = sourcecode.c.objc; path = YUNAccessTokenTests.m; sourceTree = "<group>"; };
/* End PBXFileReference section */

/* Begin PBXFrameworksBuildPhase section */
		FAE6EC601CCFAAD4003F9619 /* Frameworks */ = {
			isa = PBXFrameworksBuildPhase;
			buildActionMask = 2147483647;
			files = (
			);
			runOnlyForDeploymentPostprocessing = 0;
		};
		FAE6EC6B1CCFAAD4003F9619 /* Frameworks */ = {
			isa = PBXFrameworksBuildPhase;
			buildActionMask = 2147483647;
			files = (
				FAE6EC6F1CCFAAD4003F9619 /* YUNNetKit.framework in Frameworks */,
			);
			runOnlyForDeploymentPostprocessing = 0;
		};
/* End PBXFrameworksBuildPhase section */

/* Begin PBXGroup section */
		C253C1CC1CDB5EED00F6FA5E /* ServerConfiguration */ = {
			isa = PBXGroup;
			children = (
				C28B9FE21CDC2A040085A3C9 /* YUNErrorConfiguration.h */,
				C28B9FE31CDC2A040085A3C9 /* YUNErrorConfiguration.m */,
				C253C1CD1CDB5F2B00F6FA5E /* YUNErrorRecoveryConfiguration.h */,
				C253C1CE1CDB5F2B00F6FA5E /* YUNErrorRecoveryConfiguration.m */,
				C28B9FE61CDC339A0085A3C9 /* YUNDialogConfiguration.h */,
				C28B9FE71CDC339A0085A3C9 /* YUNDialogConfiguration.m */,
				C28B9FF61CDC72FB0085A3C9 /* YUNServerConfiguration.h */,
				C28B9FF71CDC72FB0085A3C9 /* YUNServerConfiguration.m */,
				C28B9FFA1CDC76F50085A3C9 /* YUNServerConfiguration+Internal.h */,
				C2613DC51CDCA0C900D1DBA4 /* YUNServerConfigurationManager.h */,
				C2613DC61CDCA0C900D1DBA4 /* YUNServerConfigurationManager.m */,
				C2613DC91CDCA33700D1DBA4 /* YUNServerConfigurationManager+Internal.h */,
			);
			name = ServerConfiguration;
			sourceTree = "<group>";
		};
		C26559151CEB2E9C00CF82EE /* ErrorRecovery */ = {
			isa = PBXGroup;
			children = (
				C26559161CEB2EE700CF82EE /* YUNErrorRecoveryAttempter.h */,
				C26559171CEB2EE700CF82EE /* YUNErrorRecoveryAttempter.m */,
				C265591E1CEB302E00CF82EE /* _YUNTemporaryErrorRecoveryAttempter.h */,
				C265591F1CEB302E00CF82EE /* _YUNTemporaryErrorRecoveryAttempter.m */,
			);
			name = ErrorRecovery;
			sourceTree = "<group>";
		};
		C27E2A641CF294F800B033E2 /* AppEvent */ = {
			isa = PBXGroup;
			children = (
				C27E2A651CF2951400B033E2 /* YUNAppEventsUtility.h */,
				C27E2A661CF2951400B033E2 /* YUNAppEventsUtility.m */,
				C27E2A6D1CF2991D00B033E2 /* YUNAppEvents+Internal.h */,
				C27E2A691CF297E700B033E2 /* YUNAppEventsDeviceInfo.h */,
				C27E2A6A1CF297E700B033E2 /* YUNAppEventsDeviceInfo.m */,
				C26140061CF46CF300230049 /* YUNPaymentObserver.h */,
				C26140071CF46CF300230049 /* YUNPaymentObserver.m */,
				C23A91A01CF7F946008F9552 /* YUNAppEventsState.h */,
				C23A91A11CF7F946008F9552 /* YUNAppEventsState.m */,
				C23A91A41CF80993008F9552 /* YUNTimeSpentData.h */,
				C23A91A51CF80993008F9552 /* YUNTimeSpentData.m */,
				C23A91A81CF84322008F9552 /* YUNAppEventsStateManager.h */,
				C23A91A91CF84322008F9552 /* YUNAppEventsStateManager.m */,
			);
			name = AppEvent;
			sourceTree = "<group>";
		};
		C2A6E0E21CFD22D200A2B542 /* Base64 */ = {
			isa = PBXGroup;
			children = (
				C2A6E0E31CFD22E500A2B542 /* YUNBase64.h */,
				C2A6E0E41CFD22E500A2B542 /* YUNBase64.m */,
			);
			name = Base64;
			sourceTree = "<group>";
		};
		C2A6E0EB1CFD2F1700A2B542 /* WebDialog */ = {
			isa = PBXGroup;
			children = (
				C2A6E0EC1CFD2F2D00A2B542 /* YUNWebDialog.h */,
				C2A6E0ED1CFD2F2D00A2B542 /* YUNWebDialog.m */,
			);
			name = WebDialog;
			sourceTree = "<group>";
		};
		C2A6E0F41CFD430000A2B542 /* AppEvents */ = {
			isa = PBXGroup;
			children = (
				C2A6E0F51CFD431A00A2B542 /* YUNAppEventsStateTests.m */,
			);
			name = AppEvents;
			sourceTree = "<group>";
		};
		C2B5BC321CFC50DB0054BE7C /* Cryptography */ = {
			isa = PBXGroup;
			children = (
				C2A6E0E71CFD294400A2B542 /* YUNCrypto.h */,
				C2A6E0E81CFD294400A2B542 /* YUNCrypto.m */,
			);
			name = Cryptography;
			sourceTree = "<group>";
		};
		FA74EA031CDF5516007CAB83 /* TokenCaching */ = {
			isa = PBXGroup;
			children = (
				FAE1DAC51CDF7CC7007355F2 /* YUNAccessTokenCaching.h */,
				FAE1DAC71CDF7D24007355F2 /* YUNAccessTokenCache.h */,
				FAE1DAC81CDF7D24007355F2 /* YUNAccessTokenCache.m */,
				C258B9FC1CE5AEC00051D33B /* YUNAccessTokenCacheV3_17.h */,
				C258B9FD1CE5AEC00051D33B /* YUNAccessTokenCacheV3_17.m */,
				C258B9F81CE5ACC90051D33B /* YUNAccessTokenCacheV3_21.h */,
				C258B9F91CE5ACC90051D33B /* YUNAccessTokenCacheV3_21.m */,
				FAE1DACB1CDF7D87007355F2 /* YUNAccessTokenCacheV3.h */,
				FAE1DACC1CDF7D87007355F2 /* YUNAccessTokenCacheV3.m */,
				FAE041781CDF81A300C19565 /* YUNAccessTokenCacheV4.h */,
				FAE041791CDF81A300C19565 /* YUNAccessTokenCacheV4.m */,
				C29714561CE349AB004DC77E /* YUNKeychainStore.h */,
				C29714571CE349AB004DC77E /* YUNKeychainStore.m */,
				C258BA001CE5AF300051D33B /* YUNKeychainStoreViaBundleID.h */,
				C258BA011CE5AF300051D33B /* YUNKeychainStoreViaBundleID.m */,
			);
			name = TokenCaching;
			sourceTree = "<group>";
		};
		FABFA3BD1CD0F58E00B4505E /* Network */ = {
			isa = PBXGroup;
			children = (
				FABFA3B91CD0F58800B4505E /* YUNURLConnection.h */,
				FABFA3BA1CD0F58800B4505E /* YUNURLConnection.m */,
				C258BA141CE5D69E0051D33B /* YUNRequestConnection+Internal.h */,
				FAB34E5E1CD2558C00F3C961 /* YUNRequestConnection.h */,
				FAB34E5F1CD2558C00F3C961 /* YUNRequestConnection.m */,
				FAB34E621CD2561700F3C961 /* YUNRequestDataAttachment.h */,
				FAB34E631CD2561700F3C961 /* YUNRequestDataAttachment.m */,
				FAB34E661CD2582300F3C961 /* YUNRequestBody.h */,
				FAB34E671CD2582300F3C961 /* YUNRequestBody.m */,
				FAC0DCC91CD8F7650023E9CE /* YUNRequest.h */,
				FAC0DCCA1CD8F7650023E9CE /* YUNRequest.m */,
				FAE42F6A1CDA34260074133F /* YUNRequest+Internal.h */,
				C253C1C81CDB5C6300F6FA5E /* YUNRequestMetadata.h */,
				C253C1C91CDB5C6300F6FA5E /* YUNRequestMetadata.m */,
				C258BA101CE5D50A0051D33B /* YUNRequestPiggybackManager.h */,
				C258BA111CE5D50A0051D33B /* YUNRequestPiggybackManager.m */,
			);
			name = Network;
			sourceTree = "<group>";
		};
		FAE0417C1CDF835200C19565 /* Internal_NoARC */ = {
			isa = PBXGroup;
			children = (
				FAE0417D1CDF839100C19565 /* YUNDynamicFrameworkLoader.h */,
				FAE0417E1CDF839100C19565 /* YUNDynamicFrameworkLoader.m */,
			);
			name = Internal_NoARC;
			sourceTree = "<group>";
		};
		FAE6EC5A1CCFAAD4003F9619 = {
			isa = PBXGroup;
			children = (
				FAE6EC661CCFAAD4003F9619 /* YUNNetKit */,
				FAE6EC721CCFAAD4003F9619 /* YUNNetKitTests */,
				FAE6EC651CCFAAD4003F9619 /* Products */,
			);
			sourceTree = "<group>";
		};
		FAE6EC651CCFAAD4003F9619 /* Products */ = {
			isa = PBXGroup;
			children = (
				FAE6EC641CCFAAD4003F9619 /* YUNNetKit.framework */,
				FAE6EC6E1CCFAAD4003F9619 /* YUNNetKitTests.xctest */,
			);
			name = Products;
			sourceTree = "<group>";
		};
		FAE6EC661CCFAAD4003F9619 /* YUNNetKit */ = {
			isa = PBXGroup;
			children = (
				FAE6EC671CCFAAD4003F9619 /* YUNNetKit.h */,
				FAE6EC7E1CCFAB31003F9619 /* YUNAccessToken.h */,
				FAE6EC7F1CCFAB31003F9619 /* YUNAccessToken.m */,
				C280C0E51CEF0EDA0069B32A /* YUNAppEvents.h */,
				C280C0E61CEF0EDA0069B32A /* YUNAppEvents.m */,
				FAE6EC821CCFB30A003F9619 /* YUNInternalUtility.h */,
				FAE6EC831CCFB30A003F9619 /* YUNInternalUtility.m */,
				FABFA3BE1CD0F9CD00B4505E /* YUNLogger.h */,
				FABFA3BF1CD0F9CD00B4505E /* YUNLogger.m */,
				FAB34E5A1CD2423800F3C961 /* YUNSettings+Internal.h */,
				FABFA3C21CD106CA00B4505E /* YUNSettings.h */,
				FABFA3C31CD106CA00B4505E /* YUNSettings.m */,
				FAB34E6C1CD25FDC00F3C961 /* YUNError.h */,
				FAB34E6D1CD25FDC00F3C961 /* YUNError.m */,
				FAB34E701CD2603E00F3C961 /* YUNTypeUtility.h */,
				FAB34E711CD2603E00F3C961 /* YUNTypeUtility.m */,
				FAB34E741CD2612500F3C961 /* YUNContants.h */,
				FAB34E751CD2612500F3C961 /* YUNContants.m */,
				C253C1AE1CDAD4FD00F6FA5E /* YUNUtility.h */,
				C253C1AF1CDAD4FD00F6FA5E /* YUNUtility.m */,
				C2A6E0EB1CFD2F1700A2B542 /* WebDialog */,
				C2A6E0E21CFD22D200A2B542 /* Base64 */,
				C2B5BC321CFC50DB0054BE7C /* Cryptography */,
				C27E2A641CF294F800B033E2 /* AppEvent */,
				C26559151CEB2E9C00CF82EE /* ErrorRecovery */,
				FAE0417C1CDF835200C19565 /* Internal_NoARC */,
				FA74EA031CDF5516007CAB83 /* TokenCaching */,
				C253C1CC1CDB5EED00F6FA5E /* ServerConfiguration */,
				FABFA3BD1CD0F58E00B4505E /* Network */,
				FAE6EC861CCFB541003F9619 /* YUNMath.h */,
				FAE6EC871CCFB541003F9619 /* YUNMath.m */,
				FAE6EC8A1CCFB5B5003F9619 /* YUNMacros.h */,
				FAE6EC691CCFAAD4003F9619 /* Info.plist */,
			);
			path = YUNNetKit;
			sourceTree = "<group>";
		};
		FAE6EC721CCFAAD4003F9619 /* YUNNetKitTests */ = {
			isa = PBXGroup;
			children = (
				FAE6EC731CCFAAD4003F9619 /* YUNNetKitTests.m */,
				FAB34E6A1CD25B1E00F3C961 /* YUNRequestBodyTests.m */,
				FAE6EC8E1CCFB6F9003F9619 /* YUNAccessTokenTests.m */,
				C2B5BBC21CFBE9980054BE7C /* YUNInternalUtilityTest.m */,
				C2B5BBC41CFBEEBC0054BE7C /* YUNUitlityTest.m */,
				FAC0DCC71CD8F2EA0023E9CE /* YUNErrorTests.m */,
				C2B5BC301CFC4D0F0054BE7C /* YUNDynamicFrameworkLoaderTest.m */,
				C2B5BC3A1CFC526A0054BE7C /* YUNCryptoTest.m */,
				C2A6E0F01CFD340800A2B542 /* YUNTypeUtilityTest.m */,
				C2A6E0F41CFD430000A2B542 /* AppEvents */,
				FAE6EC751CCFAAD4003F9619 /* Info.plist */,
			);
			path = YUNNetKitTests;
			sourceTree = "<group>";
		};
/* End PBXGroup section */

/* Begin PBXHeadersBuildPhase section */
		FAE6EC611CCFAAD4003F9619 /* Headers */ = {
			isa = PBXHeadersBuildPhase;
			buildActionMask = 2147483647;
			files = (
				FAB34E6E1CD25FDC00F3C961 /* YUNError.h in Headers */,
				FAE6EC801CCFAB31003F9619 /* YUNAccessToken.h in Headers */,
				FABFA3C41CD106CA00B4505E /* YUNSettings.h in Headers */,
				FAB34E761CD2612500F3C961 /* YUNContants.h in Headers */,
				C253C1B01CDAD4FD00F6FA5E /* YUNUtility.h in Headers */,
				FAB34E601CD2558C00F3C961 /* YUNRequestConnection.h in Headers */,
				FAC0DCCB1CD8F7650023E9CE /* YUNRequest.h in Headers */,
				C280C0E71CEF0EDA0069B32A /* YUNAppEvents.h in Headers */,
				FAB34E641CD2561700F3C961 /* YUNRequestDataAttachment.h in Headers */,
				C26559201CEB302E00CF82EE /* _YUNTemporaryErrorRecoveryAttempter.h in Headers */,
				C23A91A61CF80993008F9552 /* YUNTimeSpentData.h in Headers */,
				FAE1DAC61CDF7CC7007355F2 /* YUNAccessTokenCaching.h in Headers */,
				C26140081CF46CF300230049 /* YUNPaymentObserver.h in Headers */,
				C258BA161CE5D69E0051D33B /* YUNRequestConnection+Internal.h in Headers */,
				FAB34E721CD2603E00F3C961 /* YUNTypeUtility.h in Headers */,
				FAE42F6C1CDA34260074133F /* YUNRequest+Internal.h in Headers */,
				C2A6E0EE1CFD2F2D00A2B542 /* YUNWebDialog.h in Headers */,
				FAE1DAC91CDF7D24007355F2 /* YUNAccessTokenCache.h in Headers */,
				C26559181CEB2EE700CF82EE /* YUNErrorRecoveryAttempter.h in Headers */,
				C258BA021CE5AF300051D33B /* YUNKeychainStoreViaBundleID.h in Headers */,
				C28B9FE41CDC2A040085A3C9 /* YUNErrorConfiguration.h in Headers */,
				FAE0417A1CDF81A300C19565 /* YUNAccessTokenCacheV4.h in Headers */,
				C27E2A671CF2951400B033E2 /* YUNAppEventsUtility.h in Headers */,
				FAE1DACD1CDF7D87007355F2 /* YUNAccessTokenCacheV3.h in Headers */,
				C2613DCB1CDCA33700D1DBA4 /* YUNServerConfigurationManager+Internal.h in Headers */,
				C23A91A21CF7F946008F9552 /* YUNAppEventsState.h in Headers */,
				C28B9FFC1CDC76F50085A3C9 /* YUNServerConfiguration+Internal.h in Headers */,
				FAE6EC841CCFB30A003F9619 /* YUNInternalUtility.h in Headers */,
				C27E2A6F1CF2991D00B033E2 /* YUNAppEvents+Internal.h in Headers */,
				C258B9FA1CE5ACC90051D33B /* YUNAccessTokenCacheV3_21.h in Headers */,
				C253C1CF1CDB5F2B00F6FA5E /* YUNErrorRecoveryConfiguration.h in Headers */,
				C253C1CA1CDB5C6300F6FA5E /* YUNRequestMetadata.h in Headers */,
				C2A6E0E51CFD22E500A2B542 /* YUNBase64.h in Headers */,
				FABFA3C01CD0F9CD00B4505E /* YUNLogger.h in Headers */,
				FAB34E5C1CD2423800F3C961 /* YUNSettings+Internal.h in Headers */,
				FABFA3BB1CD0F58800B4505E /* YUNURLConnection.h in Headers */,
				FAE0417F1CDF839100C19565 /* YUNDynamicFrameworkLoader.h in Headers */,
				C258B9FE1CE5AEC00051D33B /* YUNAccessTokenCacheV3_17.h in Headers */,
				C2A6E0E91CFD294400A2B542 /* YUNCrypto.h in Headers */,
				FAE6EC881CCFB541003F9619 /* YUNMath.h in Headers */,
				FAE6EC8C1CCFB5B5003F9619 /* YUNMacros.h in Headers */,
				C28B9FF81CDC72FB0085A3C9 /* YUNServerConfiguration.h in Headers */,
				FAE6EC681CCFAAD4003F9619 /* YUNNetKit.h in Headers */,
				C27E2A6B1CF297E700B033E2 /* YUNAppEventsDeviceInfo.h in Headers */,
				FAB34E681CD2582300F3C961 /* YUNRequestBody.h in Headers */,
				C258BA121CE5D50A0051D33B /* YUNRequestPiggybackManager.h in Headers */,
				C28B9FE81CDC339A0085A3C9 /* YUNDialogConfiguration.h in Headers */,
				C29714581CE349AB004DC77E /* YUNKeychainStore.h in Headers */,
				C23A91AA1CF84322008F9552 /* YUNAppEventsStateManager.h in Headers */,
				C2613DC71CDCA0C900D1DBA4 /* YUNServerConfigurationManager.h in Headers */,
			);
			runOnlyForDeploymentPostprocessing = 0;
		};
/* End PBXHeadersBuildPhase section */

/* Begin PBXNativeTarget section */
		FAE6EC631CCFAAD4003F9619 /* YUNNetKit */ = {
			isa = PBXNativeTarget;
			buildConfigurationList = FAE6EC781CCFAAD4003F9619 /* Build configuration list for PBXNativeTarget "YUNNetKit" */;
			buildPhases = (
				FAE6EC5F1CCFAAD4003F9619 /* Sources */,
				FAE6EC601CCFAAD4003F9619 /* Frameworks */,
				FAE6EC611CCFAAD4003F9619 /* Headers */,
				FAE6EC621CCFAAD4003F9619 /* Resources */,
			);
			buildRules = (
			);
			dependencies = (
			);
			name = YUNNetKit;
			productName = YUNNetKit;
			productReference = FAE6EC641CCFAAD4003F9619 /* YUNNetKit.framework */;
			productType = "com.apple.product-type.framework";
		};
		FAE6EC6D1CCFAAD4003F9619 /* YUNNetKitTests */ = {
			isa = PBXNativeTarget;
			buildConfigurationList = FAE6EC7B1CCFAAD4003F9619 /* Build configuration list for PBXNativeTarget "YUNNetKitTests" */;
			buildPhases = (
				FAE6EC6A1CCFAAD4003F9619 /* Sources */,
				FAE6EC6B1CCFAAD4003F9619 /* Frameworks */,
				FAE6EC6C1CCFAAD4003F9619 /* Resources */,
			);
			buildRules = (
			);
			dependencies = (
				FAE6EC711CCFAAD4003F9619 /* PBXTargetDependency */,
			);
			name = YUNNetKitTests;
			productName = YUNNetKitTests;
			productReference = FAE6EC6E1CCFAAD4003F9619 /* YUNNetKitTests.xctest */;
			productType = "com.apple.product-type.bundle.unit-test";
		};
/* End PBXNativeTarget section */

/* Begin PBXProject section */
		FAE6EC5B1CCFAAD4003F9619 /* Project object */ = {
			isa = PBXProject;
			attributes = {
				LastUpgradeCheck = 0720;
				ORGANIZATIONNAME = bit_tea;
				TargetAttributes = {
					FAE6EC631CCFAAD4003F9619 = {
						CreatedOnToolsVersion = 7.2.1;
					};
					FAE6EC6D1CCFAAD4003F9619 = {
						CreatedOnToolsVersion = 7.2.1;
					};
				};
			};
			buildConfigurationList = FAE6EC5E1CCFAAD4003F9619 /* Build configuration list for PBXProject "YUNNetKit" */;
			compatibilityVersion = "Xcode 3.2";
			developmentRegion = English;
			hasScannedForEncodings = 0;
			knownRegions = (
				en,
			);
			mainGroup = FAE6EC5A1CCFAAD4003F9619;
			productRefGroup = FAE6EC651CCFAAD4003F9619 /* Products */;
			projectDirPath = "";
			projectRoot = "";
			targets = (
				FAE6EC631CCFAAD4003F9619 /* YUNNetKit */,
				FAE6EC6D1CCFAAD4003F9619 /* YUNNetKitTests */,
			);
		};
/* End PBXProject section */

/* Begin PBXResourcesBuildPhase section */
		FAE6EC621CCFAAD4003F9619 /* Resources */ = {
			isa = PBXResourcesBuildPhase;
			buildActionMask = 2147483647;
			files = (
			);
			runOnlyForDeploymentPostprocessing = 0;
		};
		FAE6EC6C1CCFAAD4003F9619 /* Resources */ = {
			isa = PBXResourcesBuildPhase;
			buildActionMask = 2147483647;
			files = (
			);
			runOnlyForDeploymentPostprocessing = 0;
		};
/* End PBXResourcesBuildPhase section */

/* Begin PBXSourcesBuildPhase section */
		FAE6EC5F1CCFAAD4003F9619 /* Sources */ = {
			isa = PBXSourcesBuildPhase;
			buildActionMask = 2147483647;
			files = (
				FAB34E731CD2603E00F3C961 /* YUNTypeUtility.m in Sources */,
				C253C1B11CDAD4FD00F6FA5E /* YUNUtility.m in Sources */,
				FABFA3BC1CD0F58800B4505E /* YUNURLConnection.m in Sources */,
				C253C1CB1CDB5C6300F6FA5E /* YUNRequestMetadata.m in Sources */,
				C258BA031CE5AF300051D33B /* YUNKeychainStoreViaBundleID.m in Sources */,
				C23A91A31CF7F946008F9552 /* YUNAppEventsState.m in Sources */,
				C26559191CEB2EE700CF82EE /* YUNErrorRecoveryAttempter.m in Sources */,
				C29714591CE349AB004DC77E /* YUNKeychainStore.m in Sources */,
				FAE041801CDF839100C19565 /* YUNDynamicFrameworkLoader.m in Sources */,
				C2613DC81CDCA0C900D1DBA4 /* YUNServerConfigurationManager.m in Sources */,
				FAB34E691CD2582300F3C961 /* YUNRequestBody.m in Sources */,
				FABFA3C51CD106CA00B4505E /* YUNSettings.m in Sources */,
				C27E2A681CF2951400B033E2 /* YUNAppEventsUtility.m in Sources */,
				FAC0DCCC1CD8F7650023E9CE /* YUNRequest.m in Sources */,
				C258B9FF1CE5AEC00051D33B /* YUNAccessTokenCacheV3_17.m in Sources */,
				C253C1D01CDB5F2B00F6FA5E /* YUNErrorRecoveryConfiguration.m in Sources */,
				C27E2A6C1CF297E700B033E2 /* YUNAppEventsDeviceInfo.m in Sources */,
				FAE1DACA1CDF7D24007355F2 /* YUNAccessTokenCache.m in Sources */,
				FAE1DACE1CDF7D87007355F2 /* YUNAccessTokenCacheV3.m in Sources */,
				C2A6E0EA1CFD294400A2B542 /* YUNCrypto.m in Sources */,
				FAB34E611CD2558C00F3C961 /* YUNRequestConnection.m in Sources */,
				FAE6EC851CCFB30A003F9619 /* YUNInternalUtility.m in Sources */,
				C28B9FE51CDC2A040085A3C9 /* YUNErrorConfiguration.m in Sources */,
				C28B9FF91CDC72FB0085A3C9 /* YUNServerConfiguration.m in Sources */,
				C2A6E0E61CFD22E500A2B542 /* YUNBase64.m in Sources */,
				C258B9FB1CE5ACC90051D33B /* YUNAccessTokenCacheV3_21.m in Sources */,
				FAE0417B1CDF81A300C19565 /* YUNAccessTokenCacheV4.m in Sources */,
				C26559211CEB302E00CF82EE /* _YUNTemporaryErrorRecoveryAttempter.m in Sources */,
				C26140091CF46CF300230049 /* YUNPaymentObserver.m in Sources */,
				C23A91AB1CF84322008F9552 /* YUNAppEventsStateManager.m in Sources */,
				FAB34E6F1CD25FDC00F3C961 /* YUNError.m in Sources */,
				FAE6EC811CCFAB31003F9619 /* YUNAccessToken.m in Sources */,
				FAB34E651CD2561700F3C961 /* YUNRequestDataAttachment.m in Sources */,
				FABFA3C11CD0F9CD00B4505E /* YUNLogger.m in Sources */,
				C280C0E81CEF0EDA0069B32A /* YUNAppEvents.m in Sources */,
				C258BA131CE5D50A0051D33B /* YUNRequestPiggybackManager.m in Sources */,
				C28B9FE91CDC339A0085A3C9 /* YUNDialogConfiguration.m in Sources */,
				FAB34E771CD2612500F3C961 /* YUNContants.m in Sources */,
				FAE6EC891CCFB541003F9619 /* YUNMath.m in Sources */,
				C23A91A71CF80993008F9552 /* YUNTimeSpentData.m in Sources */,
				C2A6E0EF1CFD2F2D00A2B542 /* YUNWebDialog.m in Sources */,
			);
			runOnlyForDeploymentPostprocessing = 0;
		};
		FAE6EC6A1CCFAAD4003F9619 /* Sources */ = {
			isa = PBXSourcesBuildPhase;
			buildActionMask = 2147483647;
			files = (
				FAB34E6B1CD25B1E00F3C961 /* YUNRequestBodyTests.m in Sources */,
				FAE6EC8F1CCFB6F9003F9619 /* YUNAccessTokenTests.m in Sources */,
				C2A6E0F11CFD340800A2B542 /* YUNTypeUtilityTest.m in Sources */,
				FAE6EC741CCFAAD4003F9619 /* YUNNetKitTests.m in Sources */,
				C2B5BBC31CFBE9980054BE7C /* YUNInternalUtilityTest.m in Sources */,
				C2A6E0F61CFD431A00A2B542 /* YUNAppEventsStateTests.m in Sources */,
				FAC0DCC81CD8F2EA0023E9CE /* YUNErrorTests.m in Sources */,
				C2B5BBC51CFBEEBC0054BE7C /* YUNUitlityTest.m in Sources */,
				C2B5BC311CFC4D0F0054BE7C /* YUNDynamicFrameworkLoaderTest.m in Sources */,
				C2B5BC3B1CFC526A0054BE7C /* YUNCryptoTest.m in Sources */,
			);
			runOnlyForDeploymentPostprocessing = 0;
		};
/* End PBXSourcesBuildPhase section */

/* Begin PBXTargetDependency section */
		FAE6EC711CCFAAD4003F9619 /* PBXTargetDependency */ = {
			isa = PBXTargetDependency;
			target = FAE6EC631CCFAAD4003F9619 /* YUNNetKit */;
			targetProxy = FAE6EC701CCFAAD4003F9619 /* PBXContainerItemProxy */;
		};
/* End PBXTargetDependency section */

/* Begin XCBuildConfiguration section */
		FAE6EC761CCFAAD4003F9619 /* Debug */ = {
			isa = XCBuildConfiguration;
			buildSettings = {
				ALWAYS_SEARCH_USER_PATHS = NO;
				CLANG_CXX_LANGUAGE_STANDARD = "gnu++0x";
				CLANG_CXX_LIBRARY = "libc++";
				CLANG_ENABLE_MODULES = YES;
				CLANG_ENABLE_OBJC_ARC = YES;
				CLANG_WARN_BOOL_CONVERSION = YES;
				CLANG_WARN_CONSTANT_CONVERSION = YES;
				CLANG_WARN_DIRECT_OBJC_ISA_USAGE = YES_ERROR;
				CLANG_WARN_EMPTY_BODY = YES;
				CLANG_WARN_ENUM_CONVERSION = YES;
				CLANG_WARN_INT_CONVERSION = YES;
				CLANG_WARN_OBJC_ROOT_CLASS = YES_ERROR;
				CLANG_WARN_UNREACHABLE_CODE = YES;
				CLANG_WARN__DUPLICATE_METHOD_MATCH = YES;
				"CODE_SIGN_IDENTITY[sdk=iphoneos*]" = "iPhone Developer";
				COPY_PHASE_STRIP = NO;
				CURRENT_PROJECT_VERSION = 1;
				DEBUG_INFORMATION_FORMAT = dwarf;
				ENABLE_STRICT_OBJC_MSGSEND = YES;
				ENABLE_TESTABILITY = YES;
				GCC_C_LANGUAGE_STANDARD = gnu99;
				GCC_DYNAMIC_NO_PIC = NO;
				GCC_NO_COMMON_BLOCKS = YES;
				GCC_OPTIMIZATION_LEVEL = 0;
				GCC_PREPROCESSOR_DEFINITIONS = (
					"DEBUG=1",
					"$(inherited)",
				);
				GCC_WARN_64_TO_32_BIT_CONVERSION = YES;
				GCC_WARN_ABOUT_RETURN_TYPE = YES_ERROR;
				GCC_WARN_UNDECLARED_SELECTOR = YES;
				GCC_WARN_UNINITIALIZED_AUTOS = YES_AGGRESSIVE;
				GCC_WARN_UNUSED_FUNCTION = YES;
				GCC_WARN_UNUSED_VARIABLE = YES;
				IPHONEOS_DEPLOYMENT_TARGET = 9.2;
				MTL_ENABLE_DEBUG_INFO = YES;
				ONLY_ACTIVE_ARCH = YES;
				SDKROOT = iphoneos;
				TARGETED_DEVICE_FAMILY = "1,2";
				VERSIONING_SYSTEM = "apple-generic";
				VERSION_INFO_PREFIX = "";
			};
			name = Debug;
		};
		FAE6EC771CCFAAD4003F9619 /* Release */ = {
			isa = XCBuildConfiguration;
			buildSettings = {
				ALWAYS_SEARCH_USER_PATHS = NO;
				CLANG_CXX_LANGUAGE_STANDARD = "gnu++0x";
				CLANG_CXX_LIBRARY = "libc++";
				CLANG_ENABLE_MODULES = YES;
				CLANG_ENABLE_OBJC_ARC = YES;
				CLANG_WARN_BOOL_CONVERSION = YES;
				CLANG_WARN_CONSTANT_CONVERSION = YES;
				CLANG_WARN_DIRECT_OBJC_ISA_USAGE = YES_ERROR;
				CLANG_WARN_EMPTY_BODY = YES;
				CLANG_WARN_ENUM_CONVERSION = YES;
				CLANG_WARN_INT_CONVERSION = YES;
				CLANG_WARN_OBJC_ROOT_CLASS = YES_ERROR;
				CLANG_WARN_UNREACHABLE_CODE = YES;
				CLANG_WARN__DUPLICATE_METHOD_MATCH = YES;
				"CODE_SIGN_IDENTITY[sdk=iphoneos*]" = "iPhone Developer";
				COPY_PHASE_STRIP = NO;
				CURRENT_PROJECT_VERSION = 1;
				DEBUG_INFORMATION_FORMAT = "dwarf-with-dsym";
				ENABLE_NS_ASSERTIONS = NO;
				ENABLE_STRICT_OBJC_MSGSEND = YES;
				GCC_C_LANGUAGE_STANDARD = gnu99;
				GCC_NO_COMMON_BLOCKS = YES;
				GCC_WARN_64_TO_32_BIT_CONVERSION = YES;
				GCC_WARN_ABOUT_RETURN_TYPE = YES_ERROR;
				GCC_WARN_UNDECLARED_SELECTOR = YES;
				GCC_WARN_UNINITIALIZED_AUTOS = YES_AGGRESSIVE;
				GCC_WARN_UNUSED_FUNCTION = YES;
				GCC_WARN_UNUSED_VARIABLE = YES;
				IPHONEOS_DEPLOYMENT_TARGET = 9.2;
				MTL_ENABLE_DEBUG_INFO = NO;
				SDKROOT = iphoneos;
				TARGETED_DEVICE_FAMILY = "1,2";
				VALIDATE_PRODUCT = YES;
				VERSIONING_SYSTEM = "apple-generic";
				VERSION_INFO_PREFIX = "";
			};
			name = Release;
		};
		FAE6EC791CCFAAD4003F9619 /* Debug */ = {
			isa = XCBuildConfiguration;
			buildSettings = {
				DEFINES_MODULE = YES;
				DYLIB_COMPATIBILITY_VERSION = 1;
				DYLIB_CURRENT_VERSION = 1;
				DYLIB_INSTALL_NAME_BASE = "@rpath";
				INFOPLIST_FILE = YUNNetKit/Info.plist;
				INSTALL_PATH = "$(LOCAL_LIBRARY_DIR)/Frameworks";
				LD_RUNPATH_SEARCH_PATHS = "$(inherited) @executable_path/Frameworks @loader_path/Frameworks";
				MACH_O_TYPE = staticlib;
				PRODUCT_BUNDLE_IDENTIFIER = "-1.YUNNetKit";
				PRODUCT_NAME = "$(TARGET_NAME)";
				SKIP_INSTALL = YES;
			};
			name = Debug;
		};
		FAE6EC7A1CCFAAD4003F9619 /* Release */ = {
			isa = XCBuildConfiguration;
			buildSettings = {
				DEFINES_MODULE = YES;
				DYLIB_COMPATIBILITY_VERSION = 1;
				DYLIB_CURRENT_VERSION = 1;
				DYLIB_INSTALL_NAME_BASE = "@rpath";
				INFOPLIST_FILE = YUNNetKit/Info.plist;
				INSTALL_PATH = "$(LOCAL_LIBRARY_DIR)/Frameworks";
				LD_RUNPATH_SEARCH_PATHS = "$(inherited) @executable_path/Frameworks @loader_path/Frameworks";
				MACH_O_TYPE = staticlib;
				PRODUCT_BUNDLE_IDENTIFIER = "-1.YUNNetKit";
				PRODUCT_NAME = "$(TARGET_NAME)";
				SKIP_INSTALL = YES;
			};
			name = Release;
		};
		FAE6EC7C1CCFAAD4003F9619 /* Debug */ = {
			isa = XCBuildConfiguration;
			buildSettings = {
				INFOPLIST_FILE = YUNNetKitTests/Info.plist;
				LD_RUNPATH_SEARCH_PATHS = "$(inherited) @executable_path/Frameworks @loader_path/Frameworks";
				PRODUCT_BUNDLE_IDENTIFIER = "-1.YUNNetKitTests";
				PRODUCT_NAME = "$(TARGET_NAME)";
			};
			name = Debug;
		};
		FAE6EC7D1CCFAAD4003F9619 /* Release */ = {
			isa = XCBuildConfiguration;
			buildSettings = {
				INFOPLIST_FILE = YUNNetKitTests/Info.plist;
				LD_RUNPATH_SEARCH_PATHS = "$(inherited) @executable_path/Frameworks @loader_path/Frameworks";
				PRODUCT_BUNDLE_IDENTIFIER = "-1.YUNNetKitTests";
				PRODUCT_NAME = "$(TARGET_NAME)";
			};
			name = Release;
		};
/* End XCBuildConfiguration section */

/* Begin XCConfigurationList section */
		FAE6EC5E1CCFAAD4003F9619 /* Build configuration list for PBXProject "YUNNetKit" */ = {
			isa = XCConfigurationList;
			buildConfigurations = (
				FAE6EC761CCFAAD4003F9619 /* Debug */,
				FAE6EC771CCFAAD4003F9619 /* Release */,
			);
			defaultConfigurationIsVisible = 0;
			defaultConfigurationName = Release;
		};
		FAE6EC781CCFAAD4003F9619 /* Build configuration list for PBXNativeTarget "YUNNetKit" */ = {
			isa = XCConfigurationList;
			buildConfigurations = (
				FAE6EC791CCFAAD4003F9619 /* Debug */,
				FAE6EC7A1CCFAAD4003F9619 /* Release */,
			);
			defaultConfigurationIsVisible = 0;
			defaultConfigurationName = Release;
		};
		FAE6EC7B1CCFAAD4003F9619 /* Build configuration list for PBXNativeTarget "YUNNetKitTests" */ = {
			isa = XCConfigurationList;
			buildConfigurations = (
				FAE6EC7C1CCFAAD4003F9619 /* Debug */,
				FAE6EC7D1CCFAAD4003F9619 /* Release */,
			);
			defaultConfigurationIsVisible = 0;
			defaultConfigurationName = Release;
		};
/* End XCConfigurationList section */
	};
	rootObject = FAE6EC5B1CCFAAD4003F9619 /* Project object */;
}
